
Microsoft Visual Studio Solution File, Format Version 12.00
# Visual Studio Version 17
VisualStudioVersion = 17.8.34316.72
MinimumVisualStudioVersion = 10.0.40219.1
Project("{FAE04EC0-301F-11D3-BF4B-00C04F79EFBC}") = "Blockchain", "Blockchain\Blockchain.csproj", "{84B38DAE-D9C7-459B-A0B1-1B9E5B579BAF}"
EndProject
Global
	GlobalSection(SolutionConfigurationPlatforms) = preSolution
		Debug|Any CPU = Debug|Any CPU
		Release|Any CPU = Release|Any CPU
	EndGlobalSection
	GlobalSection(ProjectConfigurationPlatforms) = postSolution
		{84B38DAE-D9C7-459B-A0B1-1B9E5B579BAF}.Debug|Any CPU.ActiveCfg = Debug|Any CPU
		{84B38DAE-D9C7-459B-A0B1-1B9E5B579BAF}.Debug|Any CPU.Build.0 = Debug|Any CPU
		{84B38DAE-D9C7-459B-A0B1-1B9E5B579BAF}.Release|Any CPU.ActiveCfg = Release|Any CPU
		{84B38DAE-D9C7-459B-A0B1-1B9E5B579BAF}.Release|Any CPU.Build.0 = Release|Any CPU
	EndGlobalSection
	GlobalSection(SolutionProperties) = preSolution
		HideSolutionNode = FALSE
	EndGlobalSection
	GlobalSection(ExtensibilityGlobals) = postSolution
		SolutionGuid = {C4120443-C6A6-41F9-BC04-F2E40B6E30A7}
	EndGlobalSection
EndGlobal
